
Microsoft Visual Studio Solution File, Format Version 12.00
# Visual Studio Version 16
VisualStudioVersion = 16.0.29306.81
MinimumVisualStudioVersion = 10.0.40219.1
Project("{FAE04EC0-301F-11D3-BF4B-00C04F79EFBC}") = "BookingHelper", "BookingHelper\BookingHelper.csproj", "{1D70BFFF-1D4D-481D-A574-48AD36AC11B8}"
EndProject
Project("{FAE04EC0-301F-11D3-BF4B-00C04F79EFBC}") = "NUnitTestProject1", "NUnitTestProject1\NUnitTestProject1.csproj", "{ED84FCF3-F706-4ACB-ABF7-47317D38EA0F}"
EndProject
Global
	GlobalSection(SolutionConfigurationPlatforms) = preSolution
		Debug|Any CPU = Debug|Any CPU
		Release|Any CPU = Release|Any CPU
	EndGlobalSection
	GlobalSection(ProjectConfigurationPlatforms) = postSolution
		{1D70BFFF-1D4D-481D-A574-48AD36AC11B8}.Debug|Any CPU.ActiveCfg = Debug|Any CPU
		{1D70BFFF-1D4D-481D-A574-48AD36AC11B8}.Debug|Any CPU.Build.0 = Debug|Any CPU
		{1D70BFFF-1D4D-481D-A574-48AD36AC11B8}.Release|Any CPU.ActiveCfg = Release|Any CPU
		{1D70BFFF-1D4D-481D-A574-48AD36AC11B8}.Release|Any CPU.Build.0 = Release|Any CPU
		{ED84FCF3-F706-4ACB-ABF7-47317D38EA0F}.Debug|Any CPU.ActiveCfg = Debug|Any CPU
		{ED84FCF3-F706-4ACB-ABF7-47317D38EA0F}.Debug|Any CPU.Build.0 = Debug|Any CPU
		{ED84FCF3-F706-4ACB-ABF7-47317D38EA0F}.Release|Any CPU.ActiveCfg = Release|Any CPU
		{ED84FCF3-F706-4ACB-ABF7-47317D38EA0F}.Release|Any CPU.Build.0 = Release|Any CPU
	EndGlobalSection
	GlobalSection(SolutionProperties) = preSolution
		HideSolutionNode = FALSE
	EndGlobalSection
	GlobalSection(ExtensibilityGlobals) = postSolution
		SolutionGuid = {5B70F99C-0302-437E-8465-8412F405F3B7}
	EndGlobalSection
EndGlobal
